
Microsoft Visual Studio Solution File, Format Version 12.00
# Visual Studio Version 17
VisualStudioVersion = 17.4.33205.214
MinimumVisualStudioVersion = 10.0.40219.1
Project("{9A19103F-16F7-4668-BE54-9A1E7A4F7556}") = "Demo.Dependency.Injection.Service.LifeTimes", "Demo.Dependency.Injection.Service.LifeTimes\Demo.Dependency.Injection.Service.LifeTimes.csproj", "{DD3AE4BE-E7BF-4365-9868-C5EDAEEBEBC7}"
EndProject
Project("{FAE04EC0-301F-11D3-BF4B-00C04F79EFBC}") = "DemoStaticandExtensionMethod", "DemoStatic\DemoStaticandExtensionMethod.csproj", "{F5669A9C-D385-4C08-A721-B8DB9B8FACFD}"
EndProject
Project("{9A19103F-16F7-4668-BE54-9A1E7A4F7556}") = "Demo.Middleware", "Demo.Middleware\Demo.Middleware.csproj", "{51DDC882-096F-43BA-862A-2E75AB1D1F7C}"
EndProject
Project("{9A19103F-16F7-4668-BE54-9A1E7A4F7556}") = "Demo.EFCore.MVC", "Demo.EFCore.MVC\Demo.EFCore.MVC.csproj", "{9AC752C9-BCF8-4ACB-AEE1-44AC00B42E04}"
EndProject
Project("{9A19103F-16F7-4668-BE54-9A1E7A4F7556}") = "Demo.EFCore.GenericRepository.MVC", "Demo.EFCore.GenericRepository.MVC\Demo.EFCore.GenericRepository.MVC.csproj", "{1ED8B4D2-AC60-4FF8-A056-6F29922D6567}"
EndProject
Project("{9A19103F-16F7-4668-BE54-9A1E7A4F7556}") = "Demo.EFCore.GenericRepository.UnitofWork.MVC", "Demo.EFCore.GenericRepository.UnitofWork.MVC\Demo.EFCore.GenericRepository.UnitofWork.MVC.csproj", "{376C8040-B258-42AF-9330-60135FF84B07}"
EndProject
Project("{9A19103F-16F7-4668-BE54-9A1E7A4F7556}") = "Demo.MVC.EF", "Demo.MVC.EF\Demo.MVC.EF.csproj", "{CF0DB37F-F191-4638-9D34-87120FBC32FE}"
EndProject
Project("{9A19103F-16F7-4668-BE54-9A1E7A4F7556}") = "Demo.ASP.NET.Core", "Demo.ASP.NET.Core\Demo.ASP.NET.Core.csproj", "{EE067708-CB7D-415F-AC0A-D374C3B98DED}"
EndProject
Project("{FAE04EC0-301F-11D3-BF4B-00C04F79EFBC}") = "WebApplication1", "WebApplication1\WebApplication1.csproj", "{9103AB72-63C7-42F0-A0F6-24836E04E979}"
EndProject
Global
	GlobalSection(SolutionConfigurationPlatforms) = preSolution
		Debug|Any CPU = Debug|Any CPU
		Release|Any CPU = Release|Any CPU
	EndGlobalSection
	GlobalSection(ProjectConfigurationPlatforms) = postSolution
		{DD3AE4BE-E7BF-4365-9868-C5EDAEEBEBC7}.Debug|Any CPU.ActiveCfg = Debug|Any CPU
		{DD3AE4BE-E7BF-4365-9868-C5EDAEEBEBC7}.Debug|Any CPU.Build.0 = Debug|Any CPU
		{DD3AE4BE-E7BF-4365-9868-C5EDAEEBEBC7}.Release|Any CPU.ActiveCfg = Release|Any CPU
		{DD3AE4BE-E7BF-4365-9868-C5EDAEEBEBC7}.Release|Any CPU.Build.0 = Release|Any CPU
		{F5669A9C-D385-4C08-A721-B8DB9B8FACFD}.Debug|Any CPU.ActiveCfg = Debug|Any CPU
		{F5669A9C-D385-4C08-A721-B8DB9B8FACFD}.Debug|Any CPU.Build.0 = Debug|Any CPU
		{F5669A9C-D385-4C08-A721-B8DB9B8FACFD}.Release|Any CPU.ActiveCfg = Release|Any CPU
		{F5669A9C-D385-4C08-A721-B8DB9B8FACFD}.Release|Any CPU.Build.0 = Release|Any CPU
		{51DDC882-096F-43BA-862A-2E75AB1D1F7C}.Debug|Any CPU.ActiveCfg = Debug|Any CPU
		{51DDC882-096F-43BA-862A-2E75AB1D1F7C}.Debug|Any CPU.Build.0 = Debug|Any CPU
		{51DDC882-096F-43BA-862A-2E75AB1D1F7C}.Release|Any CPU.ActiveCfg = Release|Any CPU
		{51DDC882-096F-43BA-862A-2E75AB1D1F7C}.Release|Any CPU.Build.0 = Release|Any CPU
		{9AC752C9-BCF8-4ACB-AEE1-44AC00B42E04}.Debug|Any CPU.ActiveCfg = Debug|Any CPU
		{9AC752C9-BCF8-4ACB-AEE1-44AC00B42E04}.Debug|Any CPU.Build.0 = Debug|Any CPU
		{9AC752C9-BCF8-4ACB-AEE1-44AC00B42E04}.Release|Any CPU.ActiveCfg = Release|Any CPU
		{9AC752C9-BCF8-4ACB-AEE1-44AC00B42E04}.Release|Any CPU.Build.0 = Release|Any CPU
		{1ED8B4D2-AC60-4FF8-A056-6F29922D6567}.Debug|Any CPU.ActiveCfg = Debug|Any CPU
		{1ED8B4D2-AC60-4FF8-A056-6F29922D6567}.Debug|Any CPU.Build.0 = Debug|Any CPU
		{1ED8B4D2-AC60-4FF8-A056-6F29922D6567}.Release|Any CPU.ActiveCfg = Release|Any CPU
		{1ED8B4D2-AC60-4FF8-A056-6F29922D6567}.Release|Any CPU.Build.0 = Release|Any CPU
		{376C8040-B258-42AF-9330-60135FF84B07}.Debug|Any CPU.ActiveCfg = Debug|Any CPU
		{376C8040-B258-42AF-9330-60135FF84B07}.Debug|Any CPU.Build.0 = Debug|Any CPU
		{376C8040-B258-42AF-9330-60135FF84B07}.Release|Any CPU.ActiveCfg = Release|Any CPU
		{376C8040-B258-42AF-9330-60135FF84B07}.Release|Any CPU.Build.0 = Release|Any CPU
		{CF0DB37F-F191-4638-9D34-87120FBC32FE}.Debug|Any CPU.ActiveCfg = Debug|Any CPU
		{CF0DB37F-F191-4638-9D34-87120FBC32FE}.Debug|Any CPU.Build.0 = Debug|Any CPU
		{CF0DB37F-F191-4638-9D34-87120FBC32FE}.Release|Any CPU.ActiveCfg = Release|Any CPU
		{CF0DB37F-F191-4638-9D34-87120FBC32FE}.Release|Any CPU.Build.0 = Release|Any CPU
		{EE067708-CB7D-415F-AC0A-D374C3B98DED}.Debug|Any CPU.ActiveCfg = Debug|Any CPU
		{EE067708-CB7D-415F-AC0A-D374C3B98DED}.Debug|Any CPU.Build.0 = Debug|Any CPU
		{EE067708-CB7D-415F-AC0A-D374C3B98DED}.Release|Any CPU.ActiveCfg = Release|Any CPU
		{EE067708-CB7D-415F-AC0A-D374C3B98DED}.Release|Any CPU.Build.0 = Release|Any CPU
		{9103AB72-63C7-42F0-A0F6-24836E04E979}.Debug|Any CPU.ActiveCfg = Debug|Any CPU
		{9103AB72-63C7-42F0-A0F6-24836E04E979}.Debug|Any CPU.Build.0 = Debug|Any CPU
		{9103AB72-63C7-42F0-A0F6-24836E04E979}.Release|Any CPU.ActiveCfg = Release|Any CPU
		{9103AB72-63C7-42F0-A0F6-24836E04E979}.Release|Any CPU.Build.0 = Release|Any CPU
	EndGlobalSection
	GlobalSection(SolutionProperties) = preSolution
		HideSolutionNode = FALSE
	EndGlobalSection
	GlobalSection(ExtensibilityGlobals) = postSolution
		SolutionGuid = {744EC259-894B-4C5D-A610-9C3C7A1A5082}
	EndGlobalSection
EndGlobal
